// !$*UTF8*$!
{
	archiveVersion = 1;
	classes = {
	};
	objectVersion = 51;
	objects = {

/* Begin PBXBuildFile section */
		2DD6625523547F4B000D66D0 /* BookApi.swift in Sources */ = {isa = PBXBuildFile; fileRef = 2DD6625423547F4B000D66D0 /* BookApi.swift */; };
		2DD6625823547FFE000D66D0 /* API.swift in Sources */ = {isa = PBXBuildFile; fileRef = 2DD6625723547FFE000D66D0 /* API.swift */; };
		2DD6625A23548488000D66D0 /* Book.swift in Sources */ = {isa = PBXBuildFile; fileRef = 2DD6625923548488000D66D0 /* Book.swift */; };
		2DD6625C23548783000D66D0 /* BooksWorker.swift in Sources */ = {isa = PBXBuildFile; fileRef = 2DD6625B23548783000D66D0 /* BooksWorker.swift */; };
		2DD6625E23549456000D66D0 /* Response.swift in Sources */ = {isa = PBXBuildFile; fileRef = 2DD6625D23549456000D66D0 /* Response.swift */; };
		2DD6626A235EB0A4000D66D0 /* HomePresenterTest.swift in Sources */ = {isa = PBXBuildFile; fileRef = 2DD66266235EB0A4000D66D0 /* HomePresenterTest.swift */; };
		2DD6626B235EB0A4000D66D0 /* HomeViewControllerTests.swift in Sources */ = {isa = PBXBuildFile; fileRef = 2DD66267235EB0A4000D66D0 /* HomeViewControllerTests.swift */; };
		2DD6626C235EB0A4000D66D0 /* HomeInteractorTest.swift in Sources */ = {isa = PBXBuildFile; fileRef = 2DD66268235EB0A4000D66D0 /* HomeInteractorTest.swift */; };
		2DD6626D235EB0A4000D66D0 /* Seeds.swift in Sources */ = {isa = PBXBuildFile; fileRef = 2DD66269235EB0A4000D66D0 /* Seeds.swift */; };
		2DD66270235EB0BA000D66D0 /* BooksWorkerTest.swift in Sources */ = {isa = PBXBuildFile; fileRef = 2DD6626F235EB0BA000D66D0 /* BooksWorkerTest.swift */; };
		2DF820712367D2EC007C9257 /* ShowBookPresenter.swift in Sources */ = {isa = PBXBuildFile; fileRef = 2DF8206B2367D2EC007C9257 /* ShowBookPresenter.swift */; };
		2DF820722367D2EC007C9257 /* ShowBookWorker.swift in Sources */ = {isa = PBXBuildFile; fileRef = 2DF8206C2367D2EC007C9257 /* ShowBookWorker.swift */; };
		2DF820732367D2EC007C9257 /* ShowBookRouter.swift in Sources */ = {isa = PBXBuildFile; fileRef = 2DF8206D2367D2EC007C9257 /* ShowBookRouter.swift */; };
		2DF820742367D2EC007C9257 /* ShowBookModels.swift in Sources */ = {isa = PBXBuildFile; fileRef = 2DF8206E2367D2EC007C9257 /* ShowBookModels.swift */; };
		2DF820752367D2EC007C9257 /* ShowBookViewController.swift in Sources */ = {isa = PBXBuildFile; fileRef = 2DF8206F2367D2EC007C9257 /* ShowBookViewController.swift */; };
		2DF820762367D2EC007C9257 /* ShowBookInteractor.swift in Sources */ = {isa = PBXBuildFile; fileRef = 2DF820702367D2EC007C9257 /* ShowBookInteractor.swift */; };
		575EC82F9251BBB085026A4B /* Pods_Simple.framework in Frameworks */ = {isa = PBXBuildFile; fileRef = 05A8A04C6AB7C946CADDBA9B /* Pods_Simple.framework */; };
		63E6C02423659EDF009801CD /* WelcomeInteractorTest.swift in Sources */ = {isa = PBXBuildFile; fileRef = 63E6C02323659EDF009801CD /* WelcomeInteractorTest.swift */; };
		63E6C02623659F26009801CD /* WelcomeControllerTest.swift in Sources */ = {isa = PBXBuildFile; fileRef = 63E6C02523659F26009801CD /* WelcomeControllerTest.swift */; };
		63E6C02823659F3E009801CD /* WelcomePresenterTest.swift in Sources */ = {isa = PBXBuildFile; fileRef = 63E6C02723659F3E009801CD /* WelcomePresenterTest.swift */; };
		63E6C02A2365BF37009801CD /* AuthenticationWorkerTest.swift in Sources */ = {isa = PBXBuildFile; fileRef = 63E6C0292365BF37009801CD /* AuthenticationWorkerTest.swift */; };
		71CCE12E20E0A36100782DF4 /* AppDelegate.swift in Sources */ = {isa = PBXBuildFile; fileRef = 71CCE12D20E0A36100782DF4 /* AppDelegate.swift */; };
		71CCE13320E0A36100782DF4 /* Main.storyboard in Resources */ = {isa = PBXBuildFile; fileRef = 71CCE13120E0A36100782DF4 /* Main.storyboard */; };
		71CCE13520E0A36300782DF4 /* Assets.xcassets in Resources */ = {isa = PBXBuildFile; fileRef = 71CCE13420E0A36300782DF4 /* Assets.xcassets */; };
		71CCE13820E0A36300782DF4 /* LaunchScreen.storyboard in Resources */ = {isa = PBXBuildFile; fileRef = 71CCE13620E0A36300782DF4 /* LaunchScreen.storyboard */; };
		71CCE14320E0A36300782DF4 /* SimpleTests.swift in Sources */ = {isa = PBXBuildFile; fileRef = 71CCE14220E0A36300782DF4 /* SimpleTests.swift */; };
		71CCE14E20E0A36300782DF4 /* SimpleUITests.swift in Sources */ = {isa = PBXBuildFile; fileRef = 71CCE14D20E0A36300782DF4 /* SimpleUITests.swift */; };
		71CCE16420E0A3F600782DF4 /* WelcomeInteractor.swift in Sources */ = {isa = PBXBuildFile; fileRef = 71CCE15E20E0A3F600782DF4 /* WelcomeInteractor.swift */; };
		71CCE16520E0A3F600782DF4 /* WelcomeModels.swift in Sources */ = {isa = PBXBuildFile; fileRef = 71CCE15F20E0A3F600782DF4 /* WelcomeModels.swift */; };
		71CCE16620E0A3F600782DF4 /* WelcomePresenter.swift in Sources */ = {isa = PBXBuildFile; fileRef = 71CCE16020E0A3F600782DF4 /* WelcomePresenter.swift */; };
		71CCE16720E0A3F600782DF4 /* WelcomeRouter.swift in Sources */ = {isa = PBXBuildFile; fileRef = 71CCE16120E0A3F600782DF4 /* WelcomeRouter.swift */; };
		71CCE16820E0A3F600782DF4 /* WelcomeViewController.swift in Sources */ = {isa = PBXBuildFile; fileRef = 71CCE16220E0A3F600782DF4 /* WelcomeViewController.swift */; };
		71CCE16920E0A3F600782DF4 /* WelcomeWorker.swift in Sources */ = {isa = PBXBuildFile; fileRef = 71CCE16320E0A3F600782DF4 /* WelcomeWorker.swift */; };
		71CCE17020E0A40700782DF4 /* HomeInteractor.swift in Sources */ = {isa = PBXBuildFile; fileRef = 71CCE16A20E0A40700782DF4 /* HomeInteractor.swift */; };
		71CCE17120E0A40700782DF4 /* HomeModels.swift in Sources */ = {isa = PBXBuildFile; fileRef = 71CCE16B20E0A40700782DF4 /* HomeModels.swift */; };
		71CCE17220E0A40700782DF4 /* HomePresenter.swift in Sources */ = {isa = PBXBuildFile; fileRef = 71CCE16C20E0A40700782DF4 /* HomePresenter.swift */; };
		71CCE17320E0A40700782DF4 /* HomeRouter.swift in Sources */ = {isa = PBXBuildFile; fileRef = 71CCE16D20E0A40700782DF4 /* HomeRouter.swift */; };
		71CCE17420E0A40700782DF4 /* HomeViewController.swift in Sources */ = {isa = PBXBuildFile; fileRef = 71CCE16E20E0A40700782DF4 /* HomeViewController.swift */; };
		71CCE17520E0A40700782DF4 /* HomeWorker.swift in Sources */ = {isa = PBXBuildFile; fileRef = 71CCE16F20E0A40700782DF4 /* HomeWorker.swift */; };
		71CCE17820E0AF0400782DF4 /* AuthenticationWorker.swift in Sources */ = {isa = PBXBuildFile; fileRef = 71CCE17720E0AF0400782DF4 /* AuthenticationWorker.swift */; };
		7F0E059AD2D4C73CE8EBB146 /* Pods_SimpleTests.framework in Frameworks */ = {isa = PBXBuildFile; fileRef = 49A3F813737FC26CFA8F64A5 /* Pods_SimpleTests.framework */; };
		9629A1583EDD2F7B20734088 /* Pods_Simple_SimpleUITests.framework in Frameworks */ = {isa = PBXBuildFile; fileRef = EBC6DFE79F07D31C10851F0C /* Pods_Simple_SimpleUITests.framework */; };
		9964E19E235FFF3300DE2661 /* LoginApi.swift in Sources */ = {isa = PBXBuildFile; fileRef = 9964E19D235FFF3300DE2661 /* LoginApi.swift */; };
/* End PBXBuildFile section */

/* Begin PBXContainerItemProxy section */
		71CCE13F20E0A36300782DF4 /* PBXContainerItemProxy */ = {
			isa = PBXContainerItemProxy;
			containerPortal = 71CCE12220E0A36100782DF4 /* Project object */;
			proxyType = 1;
			remoteGlobalIDString = 71CCE12920E0A36100782DF4;
			remoteInfo = Simple;
		};
		71CCE14A20E0A36300782DF4 /* PBXContainerItemProxy */ = {
			isa = PBXContainerItemProxy;
			containerPortal = 71CCE12220E0A36100782DF4 /* Project object */;
			proxyType = 1;
			remoteGlobalIDString = 71CCE12920E0A36100782DF4;
			remoteInfo = Simple;
		};
/* End PBXContainerItemProxy section */

/* Begin PBXFileReference section */
		05A8A04C6AB7C946CADDBA9B /* Pods_Simple.framework */ = {isa = PBXFileReference; explicitFileType = wrapper.framework; includeInIndex = 0; path = Pods_Simple.framework; sourceTree = BUILT_PRODUCTS_DIR; };
		1426396E62360EA0EB17ED15 /* Pods-Simple.release.xcconfig */ = {isa = PBXFileReference; includeInIndex = 1; lastKnownFileType = text.xcconfig; name = "Pods-Simple.release.xcconfig"; path = "Target Support Files/Pods-Simple/Pods-Simple.release.xcconfig"; sourceTree = "<group>"; };
		2B584EA23BFB6CBAD10BA0F4 /* Pods-Simple-SimpleUITests.release.xcconfig */ = {isa = PBXFileReference; includeInIndex = 1; lastKnownFileType = text.xcconfig; name = "Pods-Simple-SimpleUITests.release.xcconfig"; path = "Target Support Files/Pods-Simple-SimpleUITests/Pods-Simple-SimpleUITests.release.xcconfig"; sourceTree = "<group>"; };
		2DD6625423547F4B000D66D0 /* BookApi.swift */ = {isa = PBXFileReference; lastKnownFileType = sourcecode.swift; path = BookApi.swift; sourceTree = "<group>"; };
		2DD6625723547FFE000D66D0 /* API.swift */ = {isa = PBXFileReference; lastKnownFileType = sourcecode.swift; path = API.swift; sourceTree = "<group>"; };
		2DD6625923548488000D66D0 /* Book.swift */ = {isa = PBXFileReference; lastKnownFileType = sourcecode.swift; path = Book.swift; sourceTree = "<group>"; };
		2DD6625B23548783000D66D0 /* BooksWorker.swift */ = {isa = PBXFileReference; lastKnownFileType = sourcecode.swift; path = BooksWorker.swift; sourceTree = "<group>"; };
		2DD6625D23549456000D66D0 /* Response.swift */ = {isa = PBXFileReference; lastKnownFileType = sourcecode.swift; path = Response.swift; sourceTree = "<group>"; };
		2DD66266235EB0A4000D66D0 /* HomePresenterTest.swift */ = {isa = PBXFileReference; fileEncoding = 4; lastKnownFileType = sourcecode.swift; path = HomePresenterTest.swift; sourceTree = "<group>"; };
		2DD66267235EB0A4000D66D0 /* HomeViewControllerTests.swift */ = {isa = PBXFileReference; fileEncoding = 4; lastKnownFileType = sourcecode.swift; path = HomeViewControllerTests.swift; sourceTree = "<group>"; };
		2DD66268235EB0A4000D66D0 /* HomeInteractorTest.swift */ = {isa = PBXFileReference; fileEncoding = 4; lastKnownFileType = sourcecode.swift; path = HomeInteractorTest.swift; sourceTree = "<group>"; };
		2DD66269235EB0A4000D66D0 /* Seeds.swift */ = {isa = PBXFileReference; fileEncoding = 4; lastKnownFileType = sourcecode.swift; path = Seeds.swift; sourceTree = "<group>"; };
		2DD6626F235EB0BA000D66D0 /* BooksWorkerTest.swift */ = {isa = PBXFileReference; fileEncoding = 4; lastKnownFileType = sourcecode.swift; path = BooksWorkerTest.swift; sourceTree = "<group>"; };
		2DF8206B2367D2EC007C9257 /* ShowBookPresenter.swift */ = {isa = PBXFileReference; lastKnownFileType = sourcecode.swift; path = ShowBookPresenter.swift; sourceTree = "<group>"; };
		2DF8206C2367D2EC007C9257 /* ShowBookWorker.swift */ = {isa = PBXFileReference; lastKnownFileType = sourcecode.swift; path = ShowBookWorker.swift; sourceTree = "<group>"; };
		2DF8206D2367D2EC007C9257 /* ShowBookRouter.swift */ = {isa = PBXFileReference; lastKnownFileType = sourcecode.swift; path = ShowBookRouter.swift; sourceTree = "<group>"; };
		2DF8206E2367D2EC007C9257 /* ShowBookModels.swift */ = {isa = PBXFileReference; lastKnownFileType = sourcecode.swift; path = ShowBookModels.swift; sourceTree = "<group>"; };
		2DF8206F2367D2EC007C9257 /* ShowBookViewController.swift */ = {isa = PBXFileReference; lastKnownFileType = sourcecode.swift; path = ShowBookViewController.swift; sourceTree = "<group>"; };
		2DF820702367D2EC007C9257 /* ShowBookInteractor.swift */ = {isa = PBXFileReference; lastKnownFileType = sourcecode.swift; path = ShowBookInteractor.swift; sourceTree = "<group>"; };
		3343FD8F7B8D4C53BBF5B316 /* Pods-SimpleTests.debug.xcconfig */ = {isa = PBXFileReference; includeInIndex = 1; lastKnownFileType = text.xcconfig; name = "Pods-SimpleTests.debug.xcconfig"; path = "Target Support Files/Pods-SimpleTests/Pods-SimpleTests.debug.xcconfig"; sourceTree = "<group>"; };
		49A3F813737FC26CFA8F64A5 /* Pods_SimpleTests.framework */ = {isa = PBXFileReference; explicitFileType = wrapper.framework; includeInIndex = 0; path = Pods_SimpleTests.framework; sourceTree = BUILT_PRODUCTS_DIR; };
		4CA92AC462524AA0B701D3B6 /* Pods-SimpleTests.release.xcconfig */ = {isa = PBXFileReference; includeInIndex = 1; lastKnownFileType = text.xcconfig; name = "Pods-SimpleTests.release.xcconfig"; path = "Target Support Files/Pods-SimpleTests/Pods-SimpleTests.release.xcconfig"; sourceTree = "<group>"; };
		6258A561924150B4BB227D6D /* Pods-Simple.debug.xcconfig */ = {isa = PBXFileReference; includeInIndex = 1; lastKnownFileType = text.xcconfig; name = "Pods-Simple.debug.xcconfig"; path = "Target Support Files/Pods-Simple/Pods-Simple.debug.xcconfig"; sourceTree = "<group>"; };
		63E6C02323659EDF009801CD /* WelcomeInteractorTest.swift */ = {isa = PBXFileReference; lastKnownFileType = sourcecode.swift; path = WelcomeInteractorTest.swift; sourceTree = "<group>"; };
		63E6C02523659F26009801CD /* WelcomeControllerTest.swift */ = {isa = PBXFileReference; lastKnownFileType = sourcecode.swift; path = WelcomeControllerTest.swift; sourceTree = "<group>"; };
		63E6C02723659F3E009801CD /* WelcomePresenterTest.swift */ = {isa = PBXFileReference; lastKnownFileType = sourcecode.swift; path = WelcomePresenterTest.swift; sourceTree = "<group>"; };
		63E6C0292365BF37009801CD /* AuthenticationWorkerTest.swift */ = {isa = PBXFileReference; lastKnownFileType = sourcecode.swift; path = AuthenticationWorkerTest.swift; sourceTree = "<group>"; };
		71CCE12A20E0A36100782DF4 /* Simple.app */ = {isa = PBXFileReference; explicitFileType = wrapper.application; includeInIndex = 0; path = Simple.app; sourceTree = BUILT_PRODUCTS_DIR; };
		71CCE12D20E0A36100782DF4 /* AppDelegate.swift */ = {isa = PBXFileReference; lastKnownFileType = sourcecode.swift; path = AppDelegate.swift; sourceTree = "<group>"; };
		71CCE13220E0A36100782DF4 /* Base */ = {isa = PBXFileReference; lastKnownFileType = file.storyboard; name = Base; path = Base.lproj/Main.storyboard; sourceTree = "<group>"; };
		71CCE13420E0A36300782DF4 /* Assets.xcassets */ = {isa = PBXFileReference; lastKnownFileType = folder.assetcatalog; path = Assets.xcassets; sourceTree = "<group>"; };
		71CCE13720E0A36300782DF4 /* Base */ = {isa = PBXFileReference; lastKnownFileType = file.storyboard; name = Base; path = Base.lproj/LaunchScreen.storyboard; sourceTree = "<group>"; };
		71CCE13920E0A36300782DF4 /* Info.plist */ = {isa = PBXFileReference; lastKnownFileType = text.plist.xml; path = Info.plist; sourceTree = "<group>"; };
		71CCE13E20E0A36300782DF4 /* SimpleTests.xctest */ = {isa = PBXFileReference; explicitFileType = wrapper.cfbundle; includeInIndex = 0; path = SimpleTests.xctest; sourceTree = BUILT_PRODUCTS_DIR; };
		71CCE14220E0A36300782DF4 /* SimpleTests.swift */ = {isa = PBXFileReference; lastKnownFileType = sourcecode.swift; path = SimpleTests.swift; sourceTree = "<group>"; };
		71CCE14420E0A36300782DF4 /* Info.plist */ = {isa = PBXFileReference; lastKnownFileType = text.plist.xml; path = Info.plist; sourceTree = "<group>"; };
		71CCE14920E0A36300782DF4 /* SimpleUITests.xctest */ = {isa = PBXFileReference; explicitFileType = wrapper.cfbundle; includeInIndex = 0; path = SimpleUITests.xctest; sourceTree = BUILT_PRODUCTS_DIR; };
		71CCE14D20E0A36300782DF4 /* SimpleUITests.swift */ = {isa = PBXFileReference; lastKnownFileType = sourcecode.swift; path = SimpleUITests.swift; sourceTree = "<group>"; };
		71CCE14F20E0A36300782DF4 /* Info.plist */ = {isa = PBXFileReference; lastKnownFileType = text.plist.xml; path = Info.plist; sourceTree = "<group>"; };
		71CCE15E20E0A3F600782DF4 /* WelcomeInteractor.swift */ = {isa = PBXFileReference; lastKnownFileType = sourcecode.swift; path = WelcomeInteractor.swift; sourceTree = "<group>"; };
		71CCE15F20E0A3F600782DF4 /* WelcomeModels.swift */ = {isa = PBXFileReference; lastKnownFileType = sourcecode.swift; path = WelcomeModels.swift; sourceTree = "<group>"; };
		71CCE16020E0A3F600782DF4 /* WelcomePresenter.swift */ = {isa = PBXFileReference; lastKnownFileType = sourcecode.swift; path = WelcomePresenter.swift; sourceTree = "<group>"; };
		71CCE16120E0A3F600782DF4 /* WelcomeRouter.swift */ = {isa = PBXFileReference; lastKnownFileType = sourcecode.swift; path = WelcomeRouter.swift; sourceTree = "<group>"; };
		71CCE16220E0A3F600782DF4 /* WelcomeViewController.swift */ = {isa = PBXFileReference; lastKnownFileType = sourcecode.swift; path = WelcomeViewController.swift; sourceTree = "<group>"; };
		71CCE16320E0A3F600782DF4 /* WelcomeWorker.swift */ = {isa = PBXFileReference; lastKnownFileType = sourcecode.swift; path = WelcomeWorker.swift; sourceTree = "<group>"; };
		71CCE16A20E0A40700782DF4 /* HomeInteractor.swift */ = {isa = PBXFileReference; lastKnownFileType = sourcecode.swift; path = HomeInteractor.swift; sourceTree = "<group>"; };
		71CCE16B20E0A40700782DF4 /* HomeModels.swift */ = {isa = PBXFileReference; lastKnownFileType = sourcecode.swift; path = HomeModels.swift; sourceTree = "<group>"; };
		71CCE16C20E0A40700782DF4 /* HomePresenter.swift */ = {isa = PBXFileReference; lastKnownFileType = sourcecode.swift; path = HomePresenter.swift; sourceTree = "<group>"; };
		71CCE16D20E0A40700782DF4 /* HomeRouter.swift */ = {isa = PBXFileReference; lastKnownFileType = sourcecode.swift; path = HomeRouter.swift; sourceTree = "<group>"; };
		71CCE16E20E0A40700782DF4 /* HomeViewController.swift */ = {isa = PBXFileReference; lastKnownFileType = sourcecode.swift; path = HomeViewController.swift; sourceTree = "<group>"; };
		71CCE16F20E0A40700782DF4 /* HomeWorker.swift */ = {isa = PBXFileReference; lastKnownFileType = sourcecode.swift; path = HomeWorker.swift; sourceTree = "<group>"; };
		71CCE17720E0AF0400782DF4 /* AuthenticationWorker.swift */ = {isa = PBXFileReference; lastKnownFileType = sourcecode.swift; path = AuthenticationWorker.swift; sourceTree = "<group>"; };
		9884556D46344040938E10D3 /* Pods-Simple-SimpleUITests.debug.xcconfig */ = {isa = PBXFileReference; includeInIndex = 1; lastKnownFileType = text.xcconfig; name = "Pods-Simple-SimpleUITests.debug.xcconfig"; path = "Target Support Files/Pods-Simple-SimpleUITests/Pods-Simple-SimpleUITests.debug.xcconfig"; sourceTree = "<group>"; };
		9964E19D235FFF3300DE2661 /* LoginApi.swift */ = {isa = PBXFileReference; lastKnownFileType = sourcecode.swift; path = LoginApi.swift; sourceTree = "<group>"; };
		EBC6DFE79F07D31C10851F0C /* Pods_Simple_SimpleUITests.framework */ = {isa = PBXFileReference; explicitFileType = wrapper.framework; includeInIndex = 0; path = Pods_Simple_SimpleUITests.framework; sourceTree = BUILT_PRODUCTS_DIR; };
/* End PBXFileReference section */

/* Begin PBXFrameworksBuildPhase section */
		71CCE12720E0A36100782DF4 /* Frameworks */ = {
			isa = PBXFrameworksBuildPhase;
			buildActionMask = 2147483647;
			files = (
				575EC82F9251BBB085026A4B /* Pods_Simple.framework in Frameworks */,
			);
			runOnlyForDeploymentPostprocessing = 0;
		};
		71CCE13B20E0A36300782DF4 /* Frameworks */ = {
			isa = PBXFrameworksBuildPhase;
			buildActionMask = 2147483647;
			files = (
				7F0E059AD2D4C73CE8EBB146 /* Pods_SimpleTests.framework in Frameworks */,
			);
			runOnlyForDeploymentPostprocessing = 0;
		};
		71CCE14620E0A36300782DF4 /* Frameworks */ = {
			isa = PBXFrameworksBuildPhase;
			buildActionMask = 2147483647;
			files = (
				9629A1583EDD2F7B20734088 /* Pods_Simple_SimpleUITests.framework in Frameworks */,
			);
			runOnlyForDeploymentPostprocessing = 0;
		};
/* End PBXFrameworksBuildPhase section */

/* Begin PBXGroup section */
		2DD6625223547ECB000D66D0 /* Network */ = {
			isa = PBXGroup;
			children = (
				2DD6625423547F4B000D66D0 /* BookApi.swift */,
				9964E19D235FFF3300DE2661 /* LoginApi.swift */,
			);
			path = Network;
			sourceTree = "<group>";
		};
		2DD6625323547F09000D66D0 /* Models */ = {
			isa = PBXGroup;
			children = (
				2DD6625923548488000D66D0 /* Book.swift */,
				2DD6625D23549456000D66D0 /* Response.swift */,
			);
			path = Models;
			sourceTree = "<group>";
		};
		2DD6625623547FE5000D66D0 /* Configuration */ = {
			isa = PBXGroup;
			children = (
				2DD6625723547FFE000D66D0 /* API.swift */,
			);
			path = Configuration;
			sourceTree = "<group>";
		};
		2DD66264235EB0A4000D66D0 /* Scenes */ = {
			isa = PBXGroup;
			children = (
				63E6C02223659E9D009801CD /* Welcome */,
				2DD66265235EB0A4000D66D0 /* Home */,
			);
			path = Scenes;
			sourceTree = "<group>";
		};
		2DD66265235EB0A4000D66D0 /* Home */ = {
			isa = PBXGroup;
			children = (
				2DD66266235EB0A4000D66D0 /* HomePresenterTest.swift */,
				2DD66267235EB0A4000D66D0 /* HomeViewControllerTests.swift */,
				2DD66268235EB0A4000D66D0 /* HomeInteractorTest.swift */,
			);
			path = Home;
			sourceTree = "<group>";
		};
		2DD6626E235EB0BA000D66D0 /* Workers */ = {
			isa = PBXGroup;
			children = (
				2DD6626F235EB0BA000D66D0 /* BooksWorkerTest.swift */,
				63E6C0292365BF37009801CD /* AuthenticationWorkerTest.swift */,
			);
			path = Workers;
			sourceTree = "<group>";
		};
		2DF8206A2367D271007C9257 /* ShowBook */ = {
			isa = PBXGroup;
			children = (
				2DF8206B2367D2EC007C9257 /* ShowBookPresenter.swift */,
				2DF8206C2367D2EC007C9257 /* ShowBookWorker.swift */,
				2DF8206D2367D2EC007C9257 /* ShowBookRouter.swift */,
				2DF8206E2367D2EC007C9257 /* ShowBookModels.swift */,
				2DF8206F2367D2EC007C9257 /* ShowBookViewController.swift */,
				2DF820702367D2EC007C9257 /* ShowBookInteractor.swift */,
			);
			path = ShowBook;
			sourceTree = "<group>";
		};
		621A85E38E9D3A7294D9CD6B /* Frameworks */ = {
			isa = PBXGroup;
			children = (
				05A8A04C6AB7C946CADDBA9B /* Pods_Simple.framework */,
				EBC6DFE79F07D31C10851F0C /* Pods_Simple_SimpleUITests.framework */,
				49A3F813737FC26CFA8F64A5 /* Pods_SimpleTests.framework */,
			);
			name = Frameworks;
			sourceTree = "<group>";
		};
		63E6C02223659E9D009801CD /* Welcome */ = {
			isa = PBXGroup;
			children = (
				63E6C02323659EDF009801CD /* WelcomeInteractorTest.swift */,
				63E6C02523659F26009801CD /* WelcomeControllerTest.swift */,
				63E6C02723659F3E009801CD /* WelcomePresenterTest.swift */,
			);
			path = Welcome;
			sourceTree = "<group>";
		};
		686CF10E671CAFF6983E92BC /* Pods */ = {
			isa = PBXGroup;
			children = (
				6258A561924150B4BB227D6D /* Pods-Simple.debug.xcconfig */,
				1426396E62360EA0EB17ED15 /* Pods-Simple.release.xcconfig */,
				9884556D46344040938E10D3 /* Pods-Simple-SimpleUITests.debug.xcconfig */,
				2B584EA23BFB6CBAD10BA0F4 /* Pods-Simple-SimpleUITests.release.xcconfig */,
				3343FD8F7B8D4C53BBF5B316 /* Pods-SimpleTests.debug.xcconfig */,
				4CA92AC462524AA0B701D3B6 /* Pods-SimpleTests.release.xcconfig */,
			);
			path = Pods;
			sourceTree = "<group>";
		};
		71CCE12120E0A36100782DF4 = {
			isa = PBXGroup;
			children = (
				71CCE12C20E0A36100782DF4 /* Simple */,
				71CCE14120E0A36300782DF4 /* SimpleTests */,
				71CCE14C20E0A36300782DF4 /* SimpleUITests */,
				71CCE12B20E0A36100782DF4 /* Products */,
				686CF10E671CAFF6983E92BC /* Pods */,
				621A85E38E9D3A7294D9CD6B /* Frameworks */,
			);
			sourceTree = "<group>";
		};
		71CCE12B20E0A36100782DF4 /* Products */ = {
			isa = PBXGroup;
			children = (
				71CCE12A20E0A36100782DF4 /* Simple.app */,
				71CCE13E20E0A36300782DF4 /* SimpleTests.xctest */,
				71CCE14920E0A36300782DF4 /* SimpleUITests.xctest */,
			);
			name = Products;
			sourceTree = "<group>";
		};
		71CCE12C20E0A36100782DF4 /* Simple */ = {
			isa = PBXGroup;
			children = (
				71CCE17620E0AE7E00782DF4 /* Shared */,
				71CCE15B20E0A37600782DF4 /* Scenes */,
				71CCE12D20E0A36100782DF4 /* AppDelegate.swift */,
				71CCE13120E0A36100782DF4 /* Main.storyboard */,
				71CCE13420E0A36300782DF4 /* Assets.xcassets */,
				71CCE13620E0A36300782DF4 /* LaunchScreen.storyboard */,
				71CCE13920E0A36300782DF4 /* Info.plist */,
			);
			path = Simple;
			sourceTree = "<group>";
		};
		71CCE14120E0A36300782DF4 /* SimpleTests */ = {
			isa = PBXGroup;
			children = (
				2DD6626E235EB0BA000D66D0 /* Workers */,
				2DD66264235EB0A4000D66D0 /* Scenes */,
				2DD66269235EB0A4000D66D0 /* Seeds.swift */,
				71CCE14220E0A36300782DF4 /* SimpleTests.swift */,
				71CCE14420E0A36300782DF4 /* Info.plist */,
			);
			path = SimpleTests;
			sourceTree = "<group>";
		};
		71CCE14C20E0A36300782DF4 /* SimpleUITests */ = {
			isa = PBXGroup;
			children = (
				71CCE14D20E0A36300782DF4 /* SimpleUITests.swift */,
				71CCE14F20E0A36300782DF4 /* Info.plist */,
			);
			path = SimpleUITests;
			sourceTree = "<group>";
		};
		71CCE15B20E0A37600782DF4 /* Scenes */ = {
			isa = PBXGroup;
			children = (
				2DF8206A2367D271007C9257 /* ShowBook */,
				71CCE15C20E0A37900782DF4 /* Welcome */,
				71CCE15D20E0A38A00782DF4 /* Home */,
			);
			path = Scenes;
			sourceTree = "<group>";
		};
		71CCE15C20E0A37900782DF4 /* Welcome */ = {
			isa = PBXGroup;
			children = (
				71CCE15E20E0A3F600782DF4 /* WelcomeInteractor.swift */,
				71CCE15F20E0A3F600782DF4 /* WelcomeModels.swift */,
				71CCE16020E0A3F600782DF4 /* WelcomePresenter.swift */,
				71CCE16120E0A3F600782DF4 /* WelcomeRouter.swift */,
				71CCE16220E0A3F600782DF4 /* WelcomeViewController.swift */,
				71CCE16320E0A3F600782DF4 /* WelcomeWorker.swift */,
			);
			path = Welcome;
			sourceTree = "<group>";
		};
		71CCE15D20E0A38A00782DF4 /* Home */ = {
			isa = PBXGroup;
			children = (
				71CCE16A20E0A40700782DF4 /* HomeInteractor.swift */,
				71CCE16B20E0A40700782DF4 /* HomeModels.swift */,
				71CCE16C20E0A40700782DF4 /* HomePresenter.swift */,
				71CCE16D20E0A40700782DF4 /* HomeRouter.swift */,
				71CCE16E20E0A40700782DF4 /* HomeViewController.swift */,
				71CCE16F20E0A40700782DF4 /* HomeWorker.swift */,
			);
			path = Home;
			sourceTree = "<group>";
		};
		71CCE17620E0AE7E00782DF4 /* Shared */ = {
			isa = PBXGroup;
			children = (
				71CCE17720E0AF0400782DF4 /* AuthenticationWorker.swift */,
				2DD6625B23548783000D66D0 /* BooksWorker.swift */,
				2DD6625623547FE5000D66D0 /* Configuration */,
				2DD6625223547ECB000D66D0 /* Network */,
				2DD6625323547F09000D66D0 /* Models */,
			);
			path = Shared;
			sourceTree = "<group>";
		};
/* End PBXGroup section */

/* Begin PBXNativeTarget section */
		71CCE12920E0A36100782DF4 /* Simple */ = {
			isa = PBXNativeTarget;
			buildConfigurationList = 71CCE15220E0A36300782DF4 /* Build configuration list for PBXNativeTarget "Simple" */;
			buildPhases = (
				CA2E3335B537BADF8B043598 /* [CP] Check Pods Manifest.lock */,
				71CCE12620E0A36100782DF4 /* Sources */,
				71CCE12720E0A36100782DF4 /* Frameworks */,
				71CCE12820E0A36100782DF4 /* Resources */,
				C977D5408B1DCE0746366E91 /* [CP] Embed Pods Frameworks */,
			);
			buildRules = (
			);
			dependencies = (
			);
			name = Simple;
			productName = Simple;
			productReference = 71CCE12A20E0A36100782DF4 /* Simple.app */;
			productType = "com.apple.product-type.application";
		};
		71CCE13D20E0A36300782DF4 /* SimpleTests */ = {
			isa = PBXNativeTarget;
			buildConfigurationList = 71CCE15520E0A36300782DF4 /* Build configuration list for PBXNativeTarget "SimpleTests" */;
			buildPhases = (
				02A660A3786D1F948EBC77ED /* [CP] Check Pods Manifest.lock */,
				71CCE13A20E0A36300782DF4 /* Sources */,
				71CCE13B20E0A36300782DF4 /* Frameworks */,
				71CCE13C20E0A36300782DF4 /* Resources */,
			);
			buildRules = (
			);
			dependencies = (
				71CCE14020E0A36300782DF4 /* PBXTargetDependency */,
			);
			name = SimpleTests;
			productName = SimpleTests;
			productReference = 71CCE13E20E0A36300782DF4 /* SimpleTests.xctest */;
			productType = "com.apple.product-type.bundle.unit-test";
		};
		71CCE14820E0A36300782DF4 /* SimpleUITests */ = {
			isa = PBXNativeTarget;
			buildConfigurationList = 71CCE15820E0A36300782DF4 /* Build configuration list for PBXNativeTarget "SimpleUITests" */;
			buildPhases = (
				06C1A37CF10074FC059F91B4 /* [CP] Check Pods Manifest.lock */,
				71CCE14520E0A36300782DF4 /* Sources */,
				71CCE14620E0A36300782DF4 /* Frameworks */,
				71CCE14720E0A36300782DF4 /* Resources */,
				9EED57F4E67EA05CABB3BA89 /* [CP] Embed Pods Frameworks */,
			);
			buildRules = (
			);
			dependencies = (
				71CCE14B20E0A36300782DF4 /* PBXTargetDependency */,
			);
			name = SimpleUITests;
			productName = SimpleUITests;
			productReference = 71CCE14920E0A36300782DF4 /* SimpleUITests.xctest */;
			productType = "com.apple.product-type.bundle.ui-testing";
		};
/* End PBXNativeTarget section */

/* Begin PBXProject section */
		71CCE12220E0A36100782DF4 /* Project object */ = {
			isa = PBXProject;
			attributes = {
				LastSwiftUpdateCheck = 0940;
				LastUpgradeCheck = 0940;
				ORGANIZATIONNAME = "Clean Swift LLC";
				TargetAttributes = {
					71CCE12920E0A36100782DF4 = {
						CreatedOnToolsVersion = 9.4.1;
						LastSwiftMigration = 1110;
					};
					71CCE13D20E0A36300782DF4 = {
						CreatedOnToolsVersion = 9.4.1;
						LastSwiftMigration = 1110;
						TestTargetID = 71CCE12920E0A36100782DF4;
					};
					71CCE14820E0A36300782DF4 = {
						CreatedOnToolsVersion = 9.4.1;
						LastSwiftMigration = 1110;
						TestTargetID = 71CCE12920E0A36100782DF4;
					};
				};
			};
			buildConfigurationList = 71CCE12520E0A36100782DF4 /* Build configuration list for PBXProject "Simple" */;
			compatibilityVersion = "Xcode 9.3";
			developmentRegion = en;
			hasScannedForEncodings = 0;
			knownRegions = (
				en,
				Base,
			);
			mainGroup = 71CCE12120E0A36100782DF4;
			productRefGroup = 71CCE12B20E0A36100782DF4 /* Products */;
			projectDirPath = "";
			projectRoot = "";
			targets = (
				71CCE12920E0A36100782DF4 /* Simple */,
				71CCE13D20E0A36300782DF4 /* SimpleTests */,
				71CCE14820E0A36300782DF4 /* SimpleUITests */,
			);
		};
/* End PBXProject section */

/* Begin PBXResourcesBuildPhase section */
		71CCE12820E0A36100782DF4 /* Resources */ = {
			isa = PBXResourcesBuildPhase;
			buildActionMask = 2147483647;
			files = (
				71CCE13820E0A36300782DF4 /* LaunchScreen.storyboard in Resources */,
				71CCE13520E0A36300782DF4 /* Assets.xcassets in Resources */,
				71CCE13320E0A36100782DF4 /* Main.storyboard in Resources */,
			);
			runOnlyForDeploymentPostprocessing = 0;
		};
		71CCE13C20E0A36300782DF4 /* Resources */ = {
			isa = PBXResourcesBuildPhase;
			buildActionMask = 2147483647;
			files = (
			);
			runOnlyForDeploymentPostprocessing = 0;
		};
		71CCE14720E0A36300782DF4 /* Resources */ = {
			isa = PBXResourcesBuildPhase;
			buildActionMask = 2147483647;
			files = (
			);
			runOnlyForDeploymentPostprocessing = 0;
		};
/* End PBXResourcesBuildPhase section */

/* Begin PBXShellScriptBuildPhase section */
		02A660A3786D1F948EBC77ED /* [CP] Check Pods Manifest.lock */ = {
			isa = PBXShellScriptBuildPhase;
			buildActionMask = 2147483647;
			files = (
			);
			inputFileListPaths = (
			);
			inputPaths = (
				"${PODS_PODFILE_DIR_PATH}/Podfile.lock",
				"${PODS_ROOT}/Manifest.lock",
			);
			name = "[CP] Check Pods Manifest.lock";
			outputFileListPaths = (
			);
			outputPaths = (
				"$(DERIVED_FILE_DIR)/Pods-SimpleTests-checkManifestLockResult.txt",
			);
			runOnlyForDeploymentPostprocessing = 0;
			shellPath = /bin/sh;
			shellScript = "diff \"${PODS_PODFILE_DIR_PATH}/Podfile.lock\" \"${PODS_ROOT}/Manifest.lock\" > /dev/null\nif [ $? != 0 ] ; then\n    # print error to STDERR\n    echo \"error: The sandbox is not in sync with the Podfile.lock. Run 'pod install' or update your CocoaPods installation.\" >&2\n    exit 1\nfi\n# This output is used by Xcode 'outputs' to avoid re-running this script phase.\necho \"SUCCESS\" > \"${SCRIPT_OUTPUT_FILE_0}\"\n";
			showEnvVarsInLog = 0;
		};
		06C1A37CF10074FC059F91B4 /* [CP] Check Pods Manifest.lock */ = {
			isa = PBXShellScriptBuildPhase;
			buildActionMask = 2147483647;
			files = (
			);
			inputFileListPaths = (
			);
			inputPaths = (
				"${PODS_PODFILE_DIR_PATH}/Podfile.lock",
				"${PODS_ROOT}/Manifest.lock",
			);
			name = "[CP] Check Pods Manifest.lock";
			outputFileListPaths = (
			);
			outputPaths = (
				"$(DERIVED_FILE_DIR)/Pods-Simple-SimpleUITests-checkManifestLockResult.txt",
			);
			runOnlyForDeploymentPostprocessing = 0;
			shellPath = /bin/sh;
			shellScript = "diff \"${PODS_PODFILE_DIR_PATH}/Podfile.lock\" \"${PODS_ROOT}/Manifest.lock\" > /dev/null\nif [ $? != 0 ] ; then\n    # print error to STDERR\n    echo \"error: The sandbox is not in sync with the Podfile.lock. Run 'pod install' or update your CocoaPods installation.\" >&2\n    exit 1\nfi\n# This output is used by Xcode 'outputs' to avoid re-running this script phase.\necho \"SUCCESS\" > \"${SCRIPT_OUTPUT_FILE_0}\"\n";
			showEnvVarsInLog = 0;
		};
		9EED57F4E67EA05CABB3BA89 /* [CP] Embed Pods Frameworks */ = {
			isa = PBXShellScriptBuildPhase;
			buildActionMask = 2147483647;
			files = (
			);
			inputFileListPaths = (
				"${PODS_ROOT}/Target Support Files/Pods-Simple-SimpleUITests/Pods-Simple-SimpleUITests-frameworks-${CONFIGURATION}-input-files.xcfilelist",
			);
			name = "[CP] Embed Pods Frameworks";
			outputFileListPaths = (
				"${PODS_ROOT}/Target Support Files/Pods-Simple-SimpleUITests/Pods-Simple-SimpleUITests-frameworks-${CONFIGURATION}-output-files.xcfilelist",
			);
			runOnlyForDeploymentPostprocessing = 0;
			shellPath = /bin/sh;
			shellScript = "\"${PODS_ROOT}/Target Support Files/Pods-Simple-SimpleUITests/Pods-Simple-SimpleUITests-frameworks.sh\"\n";
			showEnvVarsInLog = 0;
		};
		C977D5408B1DCE0746366E91 /* [CP] Embed Pods Frameworks */ = {
			isa = PBXShellScriptBuildPhase;
			buildActionMask = 2147483647;
			files = (
			);
			inputFileListPaths = (
				"${PODS_ROOT}/Target Support Files/Pods-Simple/Pods-Simple-frameworks-${CONFIGURATION}-input-files.xcfilelist",
			);
			name = "[CP] Embed Pods Frameworks";
			outputFileListPaths = (
				"${PODS_ROOT}/Target Support Files/Pods-Simple/Pods-Simple-frameworks-${CONFIGURATION}-output-files.xcfilelist",
			);
			runOnlyForDeploymentPostprocessing = 0;
			shellPath = /bin/sh;
			shellScript = "\"${PODS_ROOT}/Target Support Files/Pods-Simple/Pods-Simple-frameworks.sh\"\n";
			showEnvVarsInLog = 0;
		};
		CA2E3335B537BADF8B043598 /* [CP] Check Pods Manifest.lock */ = {
			isa = PBXShellScriptBuildPhase;
			buildActionMask = 2147483647;
			files = (
			);
			inputFileListPaths = (
			);
			inputPaths = (
				"${PODS_PODFILE_DIR_PATH}/Podfile.lock",
				"${PODS_ROOT}/Manifest.lock",
			);
			name = "[CP] Check Pods Manifest.lock";
			outputFileListPaths = (
			);
			outputPaths = (
				"$(DERIVED_FILE_DIR)/Pods-Simple-checkManifestLockResult.txt",
			);
			runOnlyForDeploymentPostprocessing = 0;
			shellPath = /bin/sh;
			shellScript = "diff \"${PODS_PODFILE_DIR_PATH}/Podfile.lock\" \"${PODS_ROOT}/Manifest.lock\" > /dev/null\nif [ $? != 0 ] ; then\n    # print error to STDERR\n    echo \"error: The sandbox is not in sync with the Podfile.lock. Run 'pod install' or update your CocoaPods installation.\" >&2\n    exit 1\nfi\n# This output is used by Xcode 'outputs' to avoid re-running this script phase.\necho \"SUCCESS\" > \"${SCRIPT_OUTPUT_FILE_0}\"\n";
			showEnvVarsInLog = 0;
		};
/* End PBXShellScriptBuildPhase section */

/* Begin PBXSourcesBuildPhase section */
		71CCE12620E0A36100782DF4 /* Sources */ = {
			isa = PBXSourcesBuildPhase;
			buildActionMask = 2147483647;
			files = (
				71CCE12E20E0A36100782DF4 /* AppDelegate.swift in Sources */,
				71CCE17120E0A40700782DF4 /* HomeModels.swift in Sources */,
				2DF820712367D2EC007C9257 /* ShowBookPresenter.swift in Sources */,
				71CCE16620E0A3F600782DF4 /* WelcomePresenter.swift in Sources */,
				71CCE17220E0A40700782DF4 /* HomePresenter.swift in Sources */,
				9964E19E235FFF3300DE2661 /* LoginApi.swift in Sources */,
				71CCE16920E0A3F600782DF4 /* WelcomeWorker.swift in Sources */,
				2DF820762367D2EC007C9257 /* ShowBookInteractor.swift in Sources */,
				2DD6625E23549456000D66D0 /* Response.swift in Sources */,
				71CCE17020E0A40700782DF4 /* HomeInteractor.swift in Sources */,
				71CCE16420E0A3F600782DF4 /* WelcomeInteractor.swift in Sources */,
				2DD6625523547F4B000D66D0 /* BookApi.swift in Sources */,
				71CCE16820E0A3F600782DF4 /* WelcomeViewController.swift in Sources */,
				2DF820722367D2EC007C9257 /* ShowBookWorker.swift in Sources */,
				2DF820742367D2EC007C9257 /* ShowBookModels.swift in Sources */,
				71CCE16720E0A3F600782DF4 /* WelcomeRouter.swift in Sources */,
				71CCE17820E0AF0400782DF4 /* AuthenticationWorker.swift in Sources */,
				71CCE17520E0A40700782DF4 /* HomeWorker.swift in Sources */,
				71CCE16520E0A3F600782DF4 /* WelcomeModels.swift in Sources */,
				2DF820732367D2EC007C9257 /* ShowBookRouter.swift in Sources */,
				2DF820752367D2EC007C9257 /* ShowBookViewController.swift in Sources */,
				71CCE17320E0A40700782DF4 /* HomeRouter.swift in Sources */,
				2DD6625823547FFE000D66D0 /* API.swift in Sources */,
				71CCE17420E0A40700782DF4 /* HomeViewController.swift in Sources */,
				2DD6625C23548783000D66D0 /* BooksWorker.swift in Sources */,
				2DD6625A23548488000D66D0 /* Book.swift in Sources */,
			);
			runOnlyForDeploymentPostprocessing = 0;
		};
		71CCE13A20E0A36300782DF4 /* Sources */ = {
			isa = PBXSourcesBuildPhase;
			buildActionMask = 2147483647;
			files = (
				71CCE14320E0A36300782DF4 /* SimpleTests.swift in Sources */,
				2DD6626B235EB0A4000D66D0 /* HomeViewControllerTests.swift in Sources */,
				63E6C02423659EDF009801CD /* WelcomeInteractorTest.swift in Sources */,
				63E6C02A2365BF37009801CD /* AuthenticationWorkerTest.swift in Sources */,
				2DD66270235EB0BA000D66D0 /* BooksWorkerTest.swift in Sources */,
				63E6C02823659F3E009801CD /* WelcomePresenterTest.swift in Sources */,
				2DD6626A235EB0A4000D66D0 /* HomePresenterTest.swift in Sources */,
				2DD6626C235EB0A4000D66D0 /* HomeInteractorTest.swift in Sources */,
				63E6C02623659F26009801CD /* WelcomeControllerTest.swift in Sources */,
				2DD6626D235EB0A4000D66D0 /* Seeds.swift in Sources */,
			);
			runOnlyForDeploymentPostprocessing = 0;
		};
		71CCE14520E0A36300782DF4 /* Sources */ = {
			isa = PBXSourcesBuildPhase;
			buildActionMask = 2147483647;
			files = (
				71CCE14E20E0A36300782DF4 /* SimpleUITests.swift in Sources */,
			);
			runOnlyForDeploymentPostprocessing = 0;
		};
/* End PBXSourcesBuildPhase section */

/* Begin PBXTargetDependency section */
		71CCE14020E0A36300782DF4 /* PBXTargetDependency */ = {
			isa = PBXTargetDependency;
			target = 71CCE12920E0A36100782DF4 /* Simple */;
			targetProxy = 71CCE13F20E0A36300782DF4 /* PBXContainerItemProxy */;
		};
		71CCE14B20E0A36300782DF4 /* PBXTargetDependency */ = {
			isa = PBXTargetDependency;
			target = 71CCE12920E0A36100782DF4 /* Simple */;
			targetProxy = 71CCE14A20E0A36300782DF4 /* PBXContainerItemProxy */;
		};
/* End PBXTargetDependency section */

/* Begin PBXVariantGroup section */
		71CCE13120E0A36100782DF4 /* Main.storyboard */ = {
			isa = PBXVariantGroup;
			children = (
				71CCE13220E0A36100782DF4 /* Base */,
			);
			name = Main.storyboard;
			sourceTree = "<group>";
		};
		71CCE13620E0A36300782DF4 /* LaunchScreen.storyboard */ = {
			isa = PBXVariantGroup;
			children = (
				71CCE13720E0A36300782DF4 /* Base */,
			);
			name = LaunchScreen.storyboard;
			sourceTree = "<group>";
		};
/* End PBXVariantGroup section */

/* Begin XCBuildConfiguration section */
		71CCE15020E0A36300782DF4 /* Debug */ = {
			isa = XCBuildConfiguration;
			buildSettings = {
				ALWAYS_SEARCH_USER_PATHS = NO;
				CLANG_ANALYZER_NONNULL = YES;
				CLANG_ANALYZER_NUMBER_OBJECT_CONVERSION = YES_AGGRESSIVE;
				CLANG_CXX_LANGUAGE_STANDARD = "gnu++14";
				CLANG_CXX_LIBRARY = "libc++";
				CLANG_ENABLE_MODULES = YES;
				CLANG_ENABLE_OBJC_ARC = YES;
				CLANG_ENABLE_OBJC_WEAK = YES;
				CLANG_WARN_BLOCK_CAPTURE_AUTORELEASING = YES;
				CLANG_WARN_BOOL_CONVERSION = YES;
				CLANG_WARN_COMMA = YES;
				CLANG_WARN_CONSTANT_CONVERSION = YES;
				CLANG_WARN_DEPRECATED_OBJC_IMPLEMENTATIONS = YES;
				CLANG_WARN_DIRECT_OBJC_ISA_USAGE = YES_ERROR;
				CLANG_WARN_DOCUMENTATION_COMMENTS = YES;
				CLANG_WARN_EMPTY_BODY = YES;
				CLANG_WARN_ENUM_CONVERSION = YES;
				CLANG_WARN_INFINITE_RECURSION = YES;
				CLANG_WARN_INT_CONVERSION = YES;
				CLANG_WARN_NON_LITERAL_NULL_CONVERSION = YES;
				CLANG_WARN_OBJC_IMPLICIT_RETAIN_SELF = YES;
				CLANG_WARN_OBJC_LITERAL_CONVERSION = YES;
				CLANG_WARN_OBJC_ROOT_CLASS = YES_ERROR;
				CLANG_WARN_RANGE_LOOP_ANALYSIS = YES;
				CLANG_WARN_STRICT_PROTOTYPES = YES;
				CLANG_WARN_SUSPICIOUS_MOVE = YES;
				CLANG_WARN_UNGUARDED_AVAILABILITY = YES_AGGRESSIVE;
				CLANG_WARN_UNREACHABLE_CODE = YES;
				CLANG_WARN__DUPLICATE_METHOD_MATCH = YES;
				CODE_SIGN_IDENTITY = "iPhone Developer";
				COPY_PHASE_STRIP = NO;
				DEBUG_INFORMATION_FORMAT = dwarf;
				ENABLE_STRICT_OBJC_MSGSEND = YES;
				ENABLE_TESTABILITY = YES;
				GCC_C_LANGUAGE_STANDARD = gnu11;
				GCC_DYNAMIC_NO_PIC = NO;
				GCC_NO_COMMON_BLOCKS = YES;
				GCC_OPTIMIZATION_LEVEL = 0;
				GCC_PREPROCESSOR_DEFINITIONS = (
					"DEBUG=1",
					"$(inherited)",
				);
				GCC_WARN_64_TO_32_BIT_CONVERSION = YES;
				GCC_WARN_ABOUT_RETURN_TYPE = YES_ERROR;
				GCC_WARN_UNDECLARED_SELECTOR = YES;
				GCC_WARN_UNINITIALIZED_AUTOS = YES_AGGRESSIVE;
				GCC_WARN_UNUSED_FUNCTION = YES;
				GCC_WARN_UNUSED_VARIABLE = YES;
				IPHONEOS_DEPLOYMENT_TARGET = 11.4;
				MTL_ENABLE_DEBUG_INFO = YES;
				ONLY_ACTIVE_ARCH = YES;
				SDKROOT = iphoneos;
				SWIFT_ACTIVE_COMPILATION_CONDITIONS = DEBUG;
				SWIFT_OPTIMIZATION_LEVEL = "-Onone";
			};
			name = Debug;
		};
		71CCE15120E0A36300782DF4 /* Release */ = {
			isa = XCBuildConfiguration;
			buildSettings = {
				ALWAYS_SEARCH_USER_PATHS = NO;
				CLANG_ANALYZER_NONNULL = YES;
				CLANG_ANALYZER_NUMBER_OBJECT_CONVERSION = YES_AGGRESSIVE;
				CLANG_CXX_LANGUAGE_STANDARD = "gnu++14";
				CLANG_CXX_LIBRARY = "libc++";
				CLANG_ENABLE_MODULES = YES;
				CLANG_ENABLE_OBJC_ARC = YES;
				CLANG_ENABLE_OBJC_WEAK = YES;
				CLANG_WARN_BLOCK_CAPTURE_AUTORELEASING = YES;
				CLANG_WARN_BOOL_CONVERSION = YES;
				CLANG_WARN_COMMA = YES;
				CLANG_WARN_CONSTANT_CONVERSION = YES;
				CLANG_WARN_DEPRECATED_OBJC_IMPLEMENTATIONS = YES;
				CLANG_WARN_DIRECT_OBJC_ISA_USAGE = YES_ERROR;
				CLANG_WARN_DOCUMENTATION_COMMENTS = YES;
				CLANG_WARN_EMPTY_BODY = YES;
				CLANG_WARN_ENUM_CONVERSION = YES;
				CLANG_WARN_INFINITE_RECURSION = YES;
				CLANG_WARN_INT_CONVERSION = YES;
				CLANG_WARN_NON_LITERAL_NULL_CONVERSION = YES;
				CLANG_WARN_OBJC_IMPLICIT_RETAIN_SELF = YES;
				CLANG_WARN_OBJC_LITERAL_CONVERSION = YES;
				CLANG_WARN_OBJC_ROOT_CLASS = YES_ERROR;
				CLANG_WARN_RANGE_LOOP_ANALYSIS = YES;
				CLANG_WARN_STRICT_PROTOTYPES = YES;
				CLANG_WARN_SUSPICIOUS_MOVE = YES;
				CLANG_WARN_UNGUARDED_AVAILABILITY = YES_AGGRESSIVE;
				CLANG_WARN_UNREACHABLE_CODE = YES;
				CLANG_WARN__DUPLICATE_METHOD_MATCH = YES;
				CODE_SIGN_IDENTITY = "iPhone Developer";
				COPY_PHASE_STRIP = NO;
				DEBUG_INFORMATION_FORMAT = "dwarf-with-dsym";
				ENABLE_NS_ASSERTIONS = NO;
				ENABLE_STRICT_OBJC_MSGSEND = YES;
				GCC_C_LANGUAGE_STANDARD = gnu11;
				GCC_NO_COMMON_BLOCKS = YES;
				GCC_WARN_64_TO_32_BIT_CONVERSION = YES;
				GCC_WARN_ABOUT_RETURN_TYPE = YES_ERROR;
				GCC_WARN_UNDECLARED_SELECTOR = YES;
				GCC_WARN_UNINITIALIZED_AUTOS = YES_AGGRESSIVE;
				GCC_WARN_UNUSED_FUNCTION = YES;
				GCC_WARN_UNUSED_VARIABLE = YES;
				IPHONEOS_DEPLOYMENT_TARGET = 11.4;
				MTL_ENABLE_DEBUG_INFO = NO;
				SDKROOT = iphoneos;
				SWIFT_COMPILATION_MODE = wholemodule;
				SWIFT_OPTIMIZATION_LEVEL = "-O";
				VALIDATE_PRODUCT = YES;
			};
			name = Release;
		};
		71CCE15320E0A36300782DF4 /* Debug */ = {
			isa = XCBuildConfiguration;
			baseConfigurationReference = 6258A561924150B4BB227D6D /* Pods-Simple.debug.xcconfig */;
			buildSettings = {
				ASSETCATALOG_COMPILER_APPICON_NAME = AppIcon;
				CODE_SIGN_STYLE = Manual;
				DEVELOPMENT_TEAM = EQ8B89SPCX;
				INFOPLIST_FILE = Simple/Info.plist;
				IPHONEOS_DEPLOYMENT_TARGET = 11.0;
				LD_RUNPATH_SEARCH_PATHS = (
					"$(inherited)",
					"@executable_path/Frameworks",
				);
				PRODUCT_BUNDLE_IDENTIFIER = ch.klara.myklara;
				PRODUCT_NAME = "$(TARGET_NAME)";
				PROVISIONING_PROFILE_SPECIFIER = myKlara_Dev;
				SWIFT_VERSION = 5.0;
				TARGETED_DEVICE_FAMILY = "1,2";
			};
			name = Debug;
		};
		71CCE15420E0A36300782DF4 /* Release */ = {
			isa = XCBuildConfiguration;
			baseConfigurationReference = 1426396E62360EA0EB17ED15 /* Pods-Simple.release.xcconfig */;
			buildSettings = {
				ASSETCATALOG_COMPILER_APPICON_NAME = AppIcon;
				CODE_SIGN_STYLE = Manual;
				DEVELOPMENT_TEAM = "";
				INFOPLIST_FILE = Simple/Info.plist;
				IPHONEOS_DEPLOYMENT_TARGET = 11.0;
				LD_RUNPATH_SEARCH_PATHS = (
					"$(inherited)",
					"@executable_path/Frameworks",
				);
				PRODUCT_BUNDLE_IDENTIFIER = ch.klara.myklara;
				PRODUCT_NAME = "$(TARGET_NAME)";
				PROVISIONING_PROFILE_SPECIFIER = "";
				SWIFT_VERSION = 5.0;
				TARGETED_DEVICE_FAMILY = "1,2";
			};
			name = Release;
		};
		71CCE15620E0A36300782DF4 /* Debug */ = {
			isa = XCBuildConfiguration;
			baseConfigurationReference = 3343FD8F7B8D4C53BBF5B316 /* Pods-SimpleTests.debug.xcconfig */;
			buildSettings = {
				ALWAYS_EMBED_SWIFT_STANDARD_LIBRARIES = YES;
				BUNDLE_LOADER = "$(TEST_HOST)";
				CODE_SIGN_STYLE = Automatic;
				DEVELOPMENT_TEAM = 5LBZDN8XB8;
				INFOPLIST_FILE = SimpleTests/Info.plist;
				LD_RUNPATH_SEARCH_PATHS = (
					"$(inherited)",
					"@executable_path/Frameworks",
					"@loader_path/Frameworks",
				);
				PRODUCT_BUNDLE_IDENTIFIER = "com.clean-swift.SimpleTests";
				PRODUCT_NAME = "$(TARGET_NAME)";
				SWIFT_VERSION = 5.0;
				TARGETED_DEVICE_FAMILY = "1,2";
				TEST_HOST = "$(BUILT_PRODUCTS_DIR)/Simple.app/Simple";
			};
			name = Debug;
		};
		71CCE15720E0A36300782DF4 /* Release */ = {
			isa = XCBuildConfiguration;
			baseConfigurationReference = 4CA92AC462524AA0B701D3B6 /* Pods-SimpleTests.release.xcconfig */;
			buildSettings = {
				ALWAYS_EMBED_SWIFT_STANDARD_LIBRARIES = YES;
				BUNDLE_LOADER = "$(TEST_HOST)";
				CODE_SIGN_STYLE = Automatic;
				DEVELOPMENT_TEAM = 5LBZDN8XB8;
				INFOPLIST_FILE = SimpleTests/Info.plist;
				LD_RUNPATH_SEARCH_PATHS = (
					"$(inherited)",
					"@executable_path/Frameworks",
					"@loader_path/Frameworks",
				);
				PRODUCT_BUNDLE_IDENTIFIER = "com.clean-swift.SimpleTests";
				PRODUCT_NAME = "$(TARGET_NAME)";
				SWIFT_VERSION = 5.0;
				TARGETED_DEVICE_FAMILY = "1,2";
				TEST_HOST = "$(BUILT_PRODUCTS_DIR)/Simple.app/Simple";
			};
			name = Release;
		};
		71CCE15920E0A36300782DF4 /* Debug */ = {
			isa = XCBuildConfiguration;
			baseConfigurationReference = 9884556D46344040938E10D3 /* Pods-Simple-SimpleUITests.debug.xcconfig */;
			buildSettings = {
				ALWAYS_EMBED_SWIFT_STANDARD_LIBRARIES = YES;
				CODE_SIGN_STYLE = Automatic;
				DEVELOPMENT_TEAM = 5LBZDN8XB8;
				INFOPLIST_FILE = SimpleUITests/Info.plist;
				LD_RUNPATH_SEARCH_PATHS = (
					"$(inherited)",
					"@executable_path/Frameworks",
					"@loader_path/Frameworks",
				);
				PRODUCT_BUNDLE_IDENTIFIER = "com.clean-swift.SimpleUITests";
				PRODUCT_NAME = "$(TARGET_NAME)";
				SWIFT_VERSION = 5.0;
				TARGETED_DEVICE_FAMILY = "1,2";
				TEST_TARGET_NAME = Simple;
			};
			name = Debug;
		};
		71CCE15A20E0A36300782DF4 /* Release */ = {
			isa = XCBuildConfiguration;
			baseConfigurationReference = 2B584EA23BFB6CBAD10BA0F4 /* Pods-Simple-SimpleUITests.release.xcconfig */;
			buildSettings = {
				ALWAYS_EMBED_SWIFT_STANDARD_LIBRARIES = YES;
				CODE_SIGN_STYLE = Automatic;
				DEVELOPMENT_TEAM = 5LBZDN8XB8;
				INFOPLIST_FILE = SimpleUITests/Info.plist;
				LD_RUNPATH_SEARCH_PATHS = (
					"$(inherited)",
					"@executable_path/Frameworks",
					"@loader_path/Frameworks",
				);
				PRODUCT_BUNDLE_IDENTIFIER = "com.clean-swift.SimpleUITests";
				PRODUCT_NAME = "$(TARGET_NAME)";
				SWIFT_VERSION = 5.0;
				TARGETED_DEVICE_FAMILY = "1,2";
				TEST_TARGET_NAME = Simple;
			};
			name = Release;
		};
/* End XCBuildConfiguration section */

/* Begin XCConfigurationList section */
		71CCE12520E0A36100782DF4 /* Build configuration list for PBXProject "Simple" */ = {
			isa = XCConfigurationList;
			buildConfigurations = (
				71CCE15020E0A36300782DF4 /* Debug */,
				71CCE15120E0A36300782DF4 /* Release */,
			);
			defaultConfigurationIsVisible = 0;
			defaultConfigurationName = Release;
		};
		71CCE15220E0A36300782DF4 /* Build configuration list for PBXNativeTarget "Simple" */ = {
			isa = XCConfigurationList;
			buildConfigurations = (
				71CCE15320E0A36300782DF4 /* Debug */,
				71CCE15420E0A36300782DF4 /* Release */,
			);
			defaultConfigurationIsVisible = 0;
			defaultConfigurationName = Release;
		};
		71CCE15520E0A36300782DF4 /* Build configuration list for PBXNativeTarget "SimpleTests" */ = {
			isa = XCConfigurationList;
			buildConfigurations = (
				71CCE15620E0A36300782DF4 /* Debug */,
				71CCE15720E0A36300782DF4 /* Release */,
			);
			defaultConfigurationIsVisible = 0;
			defaultConfigurationName = Release;
		};
		71CCE15820E0A36300782DF4 /* Build configuration list for PBXNativeTarget "SimpleUITests" */ = {
			isa = XCConfigurationList;
			buildConfigurations = (
				71CCE15920E0A36300782DF4 /* Debug */,
				71CCE15A20E0A36300782DF4 /* Release */,
			);
			defaultConfigurationIsVisible = 0;
			defaultConfigurationName = Release;
		};
/* End XCConfigurationList section */
	};
	rootObject = 71CCE12220E0A36100782DF4 /* Project object */;
}
